{
  "version": "3",
  "packages": {
    "specifiers": {
      "jsr:@denosaurs/plug@^1.0.5": "jsr:@denosaurs/plug@1.0.5",
      "jsr:@std/assert@^0.214.0": "jsr:@std/assert@0.214.0",
      "jsr:@std/assert@^0.219.1": "jsr:@std/assert@0.219.1",
      "jsr:@std/encoding@0.214": "jsr:@std/encoding@0.214.0",
      "jsr:@std/fmt@0.214": "jsr:@std/fmt@0.214.0",
      "jsr:@std/fmt@^0.219.1": "jsr:@std/fmt@0.219.1",
      "jsr:@std/fs@0.214": "jsr:@std/fs@0.214.0",
      "jsr:@std/path@0.214": "jsr:@std/path@0.214.0",
      "jsr:@std/path@^0.214.0": "jsr:@std/path@0.214.0"
    },
    "jsr": {
      "@denosaurs/plug@1.0.5": {
        "integrity": "04cd988da558adc226202d88c3a434d5fcc08146eaf4baf0cea0c2284b16d2bf",
        "dependencies": [
          "jsr:@std/encoding@0.214",
          "jsr:@std/fmt@0.214",
          "jsr:@std/fs@0.214",
          "jsr:@std/path@0.214"
        ]
      },
      "@std/assert@0.214.0": {
        "integrity": "55d398de76a9828fd3b1aa653f4dba3eee4c6985d90c514865d2be9bd082b140"
      },
      "@std/assert@0.219.1": {
        "integrity": "e76c2a1799a78f0f4db7de04bdc9b908a7a4b821bb65eda0285885297d4fb8af",
        "dependencies": [
          "jsr:@std/fmt@^0.219.1"
        ]
      },
      "@std/encoding@0.214.0": {
        "integrity": "30a8713e1db22986c7e780555ffd2fefd1d4f9374d734bb41f5970f6c3352af5"
      },
      "@std/fmt@0.214.0": {
        "integrity": "40382cff88a0783b347b4d69b94cf931ab8e549a733916718cb866c08efac4d4"
      },
      "@std/fmt@0.219.1": {
        "integrity": "2432152e927df249a207177aa048a6d9465956ea0047653ee6abd4f514db504f"
      },
      "@std/fs@0.214.0": {
        "integrity": "bc880fea0be120cb1550b1ed7faf92fe071003d83f2456a1e129b39193d85bea",
        "dependencies": [
          "jsr:@std/assert@^0.214.0",
          "jsr:@std/path@^0.214.0"
        ]
      },
      "@std/path@0.214.0": {
        "integrity": "d5577c0b8d66f7e8e3586d864ebdf178bb326145a3611da5a51c961740300285",
        "dependencies": [
          "jsr:@std/assert@^0.214.0"
        ]
      }
    }
  },
  "remote": {
    "https://deno.land/x/bcrypt@v0.4.1/mod.ts": "ff09bdae282583cf5f7d87efe37ddcecef7f14f6d12e8b8066a3058db8c6c2f7",
    "https://deno.land/x/bcrypt@v0.4.1/src/bcrypt/base64.ts": "b8266450a4f1eb6960f60f2f7986afc4dde6b45bd2d7ee7ba10789e67e17b9f7",
    "https://deno.land/x/bcrypt@v0.4.1/src/bcrypt/bcrypt.ts": "ec221648cc6453ea5e3803bc817c01157dada06aa6f7a0ba6b9f87aae32b21e2",
    "https://deno.land/x/bcrypt@v0.4.1/src/main.ts": "08d201b289c8d9c46f8839c69cd6625b213863db29775c7a200afc3b540e64f8"
  },
  "workspace": {
    "dependencies": [
      "jsr:@denosaurs/plug@^1.0.5",
      "jsr:@std/assert@^0.219.1"
    ]
  }
}
